// !$*UTF8*$!
{
	archiveVersion = 1;
	classes = {
	};
	objectVersion = 45;
	objects = {

/* Begin PBXBuildFile section */
		1D3623260D0F684500981E51 /* DoctorDiagAppDelegate.m in Sources */ = {isa = PBXBuildFile; fileRef = 1D3623250D0F684500981E51 /* DoctorDiagAppDelegate.m */; };
		1D60589B0D05DD56006BFB54 /* main.m in Sources */ = {isa = PBXBuildFile; fileRef = 29B97316FDCFA39411CA2CEA /* main.m */; };
		1D60589F0D05DD5A006BFB54 /* Foundation.framework in Frameworks */ = {isa = PBXBuildFile; fileRef = 1D30AB110D05D00D00671497 /* Foundation.framework */; };
		1DF5F4E00D08C38300B7A737 /* UIKit.framework in Frameworks */ = {isa = PBXBuildFile; fileRef = 1DF5F4DF0D08C38300B7A737 /* UIKit.framework */; };
		288765FD0DF74451002DB57D /* CoreGraphics.framework in Frameworks */ = {isa = PBXBuildFile; fileRef = 288765FC0DF74451002DB57D /* CoreGraphics.framework */; };
		28AD733F0D9D9553002E5188 /* MainWindow.xib in Resources */ = {isa = PBXBuildFile; fileRef = 28AD733E0D9D9553002E5188 /* MainWindow.xib */; };
		CE421E54134CEE9B00E822F7 /* DecisionViewController.m in Sources */ = {isa = PBXBuildFile; fileRef = CE421E52134CEE9B00E822F7 /* DecisionViewController.m */; };
		CE421E55134CEE9B00E822F7 /* DecisionViewController.xib in Resources */ = {isa = PBXBuildFile; fileRef = CE421E53134CEE9B00E822F7 /* DecisionViewController.xib */; };
		CE5A062E134D64990017BA1C /* disease-backache.plist in Resources */ = {isa = PBXBuildFile; fileRef = CE5A062C134D64990017BA1C /* disease-backache.plist */; };
		CE5A062F134D64990017BA1C /* disease-flu.plist in Resources */ = {isa = PBXBuildFile; fileRef = CE5A062D134D64990017BA1C /* disease-flu.plist */; };
		CE5A084B134D8EF60017BA1C /* icon.jpg in Resources */ = {isa = PBXBuildFile; fileRef = CE5A084A134D8EF60017BA1C /* icon.jpg */; };
		CECD5C7F134CCE760024EBDD /* FirstModalViewController.m in Sources */ = {isa = PBXBuildFile; fileRef = CECD5C7D134CCE760024EBDD /* FirstModalViewController.m */; };
		CECD5C80134CCE760024EBDD /* FirstModalViewController.xib in Resources */ = {isa = PBXBuildFile; fileRef = CECD5C7E134CCE760024EBDD /* FirstModalViewController.xib */; };
		CED65203134ED8C500353FEE /* disease-headache.plist in Resources */ = {isa = PBXBuildFile; fileRef = CED65202134ED8C500353FEE /* disease-headache.plist */; };
		CEE1DD21134CDDFF0032CD8E /* FirstViewController.m in Sources */ = {isa = PBXBuildFile; fileRef = CEE1DD1F134CDDFF0032CD8E /* FirstViewController.m */; };
		CEE1DD22134CDDFF0032CD8E /* FirstViewController.xib in Resources */ = {isa = PBXBuildFile; fileRef = CEE1DD20134CDDFF0032CD8E /* FirstViewController.xib */; };
		CEE1DD2E134CDF380032CD8E /* logo.png in Resources */ = {isa = PBXBuildFile; fileRef = CEE1DD2D134CDF380032CD8E /* logo.png */; };
		CEE1DDA8134CE62D0032CD8E /* QuartzCore.framework in Frameworks */ = {isa = PBXBuildFile; fileRef = CEE1DDA7134CE62D0032CD8E /* QuartzCore.framework */; };
/* End PBXBuildFile section */

/* Begin PBXFileReference section */
		1D30AB110D05D00D00671497 /* Foundation.framework */ = {isa = PBXFileReference; lastKnownFileType = wrapper.framework; name = Foundation.framework; path = System/Library/Frameworks/Foundation.framework; sourceTree = SDKROOT; };
		1D3623240D0F684500981E51 /* DoctorDiagAppDelegate.h */ = {isa = PBXFileReference; fileEncoding = 4; lastKnownFileType = sourcecode.c.h; path = DoctorDiagAppDelegate.h; sourceTree = "<group>"; };
		1D3623250D0F684500981E51 /* DoctorDiagAppDelegate.m */ = {isa = PBXFileReference; fileEncoding = 4; lastKnownFileType = sourcecode.c.objc; path = DoctorDiagAppDelegate.m; sourceTree = "<group>"; };
		1D6058910D05DD3D006BFB54 /* DoctorDiag.app */ = {isa = PBXFileReference; explicitFileType = wrapper.application; includeInIndex = 0; path = DoctorDiag.app; sourceTree = BUILT_PRODUCTS_DIR; };
		1DF5F4DF0D08C38300B7A737 /* UIKit.framework */ = {isa = PBXFileReference; lastKnownFileType = wrapper.framework; name = UIKit.framework; path = System/Library/Frameworks/UIKit.framework; sourceTree = SDKROOT; };
		288765FC0DF74451002DB57D /* CoreGraphics.framework */ = {isa = PBXFileReference; lastKnownFileType = wrapper.framework; name = CoreGraphics.framework; path = System/Library/Frameworks/CoreGraphics.framework; sourceTree = SDKROOT; };
		28AD733E0D9D9553002E5188 /* MainWindow.xib */ = {isa = PBXFileReference; lastKnownFileType = file.xib; path = MainWindow.xib; sourceTree = "<group>"; };
		29B97316FDCFA39411CA2CEA /* main.m */ = {isa = PBXFileReference; fileEncoding = 4; lastKnownFileType = sourcecode.c.objc; path = main.m; sourceTree = "<group>"; };
		32CA4F630368D1EE00C91783 /* DoctorDiag_Prefix.pch */ = {isa = PBXFileReference; fileEncoding = 4; lastKnownFileType = sourcecode.c.h; path = DoctorDiag_Prefix.pch; sourceTree = "<group>"; };
		8D1107310486CEB800E47090 /* DoctorDiag-Info.plist */ = {isa = PBXFileReference; fileEncoding = 4; lastKnownFileType = text.plist.xml; path = "DoctorDiag-Info.plist"; plistStructureDefinitionIdentifier = "com.apple.xcode.plist.structure-definition.iphone.info-plist"; sourceTree = "<group>"; };
		CE421E51134CEE9B00E822F7 /* DecisionViewController.h */ = {isa = PBXFileReference; fileEncoding = 4; lastKnownFileType = sourcecode.c.h; path = DecisionViewController.h; sourceTree = "<group>"; };
		CE421E52134CEE9B00E822F7 /* DecisionViewController.m */ = {isa = PBXFileReference; fileEncoding = 4; lastKnownFileType = sourcecode.c.objc; path = DecisionViewController.m; sourceTree = "<group>"; };
		CE421E53134CEE9B00E822F7 /* DecisionViewController.xib */ = {isa = PBXFileReference; lastKnownFileType = file.xib; name = DecisionViewController.xib; path = Classes/DecisionViewController.xib; sourceTree = "<group>"; };
		CE5A062C134D64990017BA1C /* disease-backache.plist */ = {isa = PBXFileReference; fileEncoding = 4; lastKnownFileType = text.plist.xml; path = "disease-backache.plist"; sourceTree = "<group>"; };
		CE5A062D134D64990017BA1C /* disease-flu.plist */ = {isa = PBXFileReference; fileEncoding = 4; lastKnownFileType = text.plist.xml; path = "disease-flu.plist"; sourceTree = "<group>"; };
		CE5A084A134D8EF60017BA1C /* icon.jpg */ = {isa = PBXFileReference; lastKnownFileType = image.jpeg; path = icon.jpg; sourceTree = "<group>"; };
		CECD5C7C134CCE760024EBDD /* FirstModalViewController.h */ = {isa = PBXFileReference; fileEncoding = 4; lastKnownFileType = sourcecode.c.h; path = FirstModalViewController.h; sourceTree = "<group>"; };
		CECD5C7D134CCE760024EBDD /* FirstModalViewController.m */ = {isa = PBXFileReference; fileEncoding = 4; lastKnownFileType = sourcecode.c.objc; path = FirstModalViewController.m; sourceTree = "<group>"; };
		CECD5C7E134CCE760024EBDD /* FirstModalViewController.xib */ = {isa = PBXFileReference; lastKnownFileType = file.xib; name = FirstModalViewController.xib; path = Classes/FirstModalViewController.xib; sourceTree = "<group>"; };
		CED65202134ED8C500353FEE /* disease-headache.plist */ = {isa = PBXFileReference; fileEncoding = 4; lastKnownFileType = text.plist.xml; path = "disease-headache.plist"; sourceTree = "<group>"; };
		CEE1DD1E134CDDFF0032CD8E /* FirstViewController.h */ = {isa = PBXFileReference; fileEncoding = 4; lastKnownFileType = sourcecode.c.h; path = FirstViewController.h; sourceTree = "<group>"; };
		CEE1DD1F134CDDFF0032CD8E /* FirstViewController.m */ = {isa = PBXFileReference; fileEncoding = 4; lastKnownFileType = sourcecode.c.objc; path = FirstViewController.m; sourceTree = "<group>"; };
		CEE1DD20134CDDFF0032CD8E /* FirstViewController.xib */ = {isa = PBXFileReference; lastKnownFileType = file.xib; name = FirstViewController.xib; path = Classes/FirstViewController.xib; sourceTree = "<group>"; };
		CEE1DD2D134CDF380032CD8E /* logo.png */ = {isa = PBXFileReference; lastKnownFileType = image.png; path = logo.png; sourceTree = "<group>"; };
		CEE1DDA7134CE62D0032CD8E /* QuartzCore.framework */ = {isa = PBXFileReference; lastKnownFileType = wrapper.framework; name = QuartzCore.framework; path = System/Library/Frameworks/QuartzCore.framework; sourceTree = SDKROOT; };
/* End PBXFileReference section */

/* Begin PBXFrameworksBuildPhase section */
		1D60588F0D05DD3D006BFB54 /* Frameworks */ = {
			isa = PBXFrameworksBuildPhase;
			buildActionMask = 2147483647;
			files = (
				1D60589F0D05DD5A006BFB54 /* Foundation.framework in Frameworks */,
				1DF5F4E00D08C38300B7A737 /* UIKit.framework in Frameworks */,
				288765FD0DF74451002DB57D /* CoreGraphics.framework in Frameworks */,
				CEE1DDA8134CE62D0032CD8E /* QuartzCore.framework in Frameworks */,
			);
			runOnlyForDeploymentPostprocessing = 0;
		};
/* End PBXFrameworksBuildPhase section */

/* Begin PBXGroup section */
		080E96DDFE201D6D7F000001 /* Classes */ = {
			isa = PBXGroup;
			children = (
				CE421E51134CEE9B00E822F7 /* DecisionViewController.h */,
				CE421E52134CEE9B00E822F7 /* DecisionViewController.m */,
				1D3623240D0F684500981E51 /* DoctorDiagAppDelegate.h */,
				1D3623250D0F684500981E51 /* DoctorDiagAppDelegate.m */,
				CECD5C7C134CCE760024EBDD /* FirstModalViewController.h */,
				CECD5C7D134CCE760024EBDD /* FirstModalViewController.m */,
				CEE1DD1E134CDDFF0032CD8E /* FirstViewController.h */,
				CEE1DD1F134CDDFF0032CD8E /* FirstViewController.m */,
			);
			path = Classes;
			sourceTree = "<group>";
		};
		19C28FACFE9D520D11CA2CBB /* Products */ = {
			isa = PBXGroup;
			children = (
				1D6058910D05DD3D006BFB54 /* DoctorDiag.app */,
			);
			name = Products;
			sourceTree = "<group>";
		};
		29B97314FDCFA39411CA2CEA /* CustomTemplate */ = {
			isa = PBXGroup;
			children = (
				080E96DDFE201D6D7F000001 /* Classes */,
				29B97315FDCFA39411CA2CEA /* Other Sources */,
				29B97317FDCFA39411CA2CEA /* Resources */,
				29B97323FDCFA39411CA2CEA /* Frameworks */,
				19C28FACFE9D520D11CA2CBB /* Products */,
				CEE1DDA7134CE62D0032CD8E /* QuartzCore.framework */,
			);
			name = CustomTemplate;
			sourceTree = "<group>";
		};
		29B97315FDCFA39411CA2CEA /* Other Sources */ = {
			isa = PBXGroup;
			children = (
				32CA4F630368D1EE00C91783 /* DoctorDiag_Prefix.pch */,
				29B97316FDCFA39411CA2CEA /* main.m */,
			);
			name = "Other Sources";
			sourceTree = "<group>";
		};
		29B97317FDCFA39411CA2CEA /* Resources */ = {
			isa = PBXGroup;
			children = (
				CE5A062B134D647D0017BA1C /* Diseases */,
				CEE1DD2C134CDF1A0032CD8E /* Images */,
				CECD5C7E134CCE760024EBDD /* FirstModalViewController.xib */,
				CEE1DD20134CDDFF0032CD8E /* FirstViewController.xib */,
				CE421E53134CEE9B00E822F7 /* DecisionViewController.xib */,
				28AD733E0D9D9553002E5188 /* MainWindow.xib */,
				8D1107310486CEB800E47090 /* DoctorDiag-Info.plist */,
			);
			name = Resources;
			sourceTree = "<group>";
		};
		29B97323FDCFA39411CA2CEA /* Frameworks */ = {
			isa = PBXGroup;
			children = (
				1DF5F4DF0D08C38300B7A737 /* UIKit.framework */,
				1D30AB110D05D00D00671497 /* Foundation.framework */,
				288765FC0DF74451002DB57D /* CoreGraphics.framework */,
			);
			name = Frameworks;
			sourceTree = "<group>";
		};
		CE5A062B134D647D0017BA1C /* Diseases */ = {
			isa = PBXGroup;
			children = (
				CE5A062C134D64990017BA1C /* disease-backache.plist */,
				CE5A062D134D64990017BA1C /* disease-flu.plist */,
				CED65202134ED8C500353FEE /* disease-headache.plist */,
			);
			name = Diseases;
			sourceTree = "<group>";
		};
		CEE1DD2C134CDF1A0032CD8E /* Images */ = {
			isa = PBXGroup;
			children = (
				CE5A084A134D8EF60017BA1C /* icon.jpg */,
				CEE1DD2D134CDF380032CD8E /* logo.png */,
			);
			name = Images;
			sourceTree = "<group>";
		};
/* End PBXGroup section */

/* Begin PBXNativeTarget section */
		1D6058900D05DD3D006BFB54 /* DoctorDiag */ = {
			isa = PBXNativeTarget;
			buildConfigurationList = 1D6058960D05DD3E006BFB54 /* Build configuration list for PBXNativeTarget "DoctorDiag" */;
			buildPhases = (
				1D60588D0D05DD3D006BFB54 /* Resources */,
				1D60588E0D05DD3D006BFB54 /* Sources */,
				1D60588F0D05DD3D006BFB54 /* Frameworks */,
			);
			buildRules = (
			);
			dependencies = (
			);
			name = DoctorDiag;
			productName = DoctorDiag;
			productReference = 1D6058910D05DD3D006BFB54 /* DoctorDiag.app */;
			productType = "com.apple.product-type.application";
		};
/* End PBXNativeTarget section */

/* Begin PBXProject section */
		29B97313FDCFA39411CA2CEA /* Project object */ = {
			isa = PBXProject;
			buildConfigurationList = C01FCF4E08A954540054247B /* Build configuration list for PBXProject "DoctorDiag" */;
			compatibilityVersion = "Xcode 3.1";
			developmentRegion = English;
			hasScannedForEncodings = 1;
			knownRegions = (
				English,
				Japanese,
				French,
				German,
			);
			mainGroup = 29B97314FDCFA39411CA2CEA /* CustomTemplate */;
			projectDirPath = "";
			projectRoot = "";
			targets = (
				1D6058900D05DD3D006BFB54 /* DoctorDiag */,
			);
		};
/* End PBXProject section */

/* Begin PBXResourcesBuildPhase section */
		1D60588D0D05DD3D006BFB54 /* Resources */ = {
			isa = PBXResourcesBuildPhase;
			buildActionMask = 2147483647;
			files = (
				28AD733F0D9D9553002E5188 /* MainWindow.xib in Resources */,
				CECD5C80134CCE760024EBDD /* FirstModalViewController.xib in Resources */,
				CEE1DD22134CDDFF0032CD8E /* FirstViewController.xib in Resources */,
				CEE1DD2E134CDF380032CD8E /* logo.png in Resources */,
				CE421E55134CEE9B00E822F7 /* DecisionViewController.xib in Resources */,
				CE5A062E134D64990017BA1C /* disease-backache.plist in Resources */,
				CE5A062F134D64990017BA1C /* disease-flu.plist in Resources */,
				CE5A084B134D8EF60017BA1C /* icon.jpg in Resources */,
				CED65203134ED8C500353FEE /* disease-headache.plist in Resources */,
			);
			runOnlyForDeploymentPostprocessing = 0;
		};
/* End PBXResourcesBuildPhase section */

/* Begin PBXSourcesBuildPhase section */
		1D60588E0D05DD3D006BFB54 /* Sources */ = {
			isa = PBXSourcesBuildPhase;
			buildActionMask = 2147483647;
			files = (
				1D60589B0D05DD56006BFB54 /* main.m in Sources */,
				1D3623260D0F684500981E51 /* DoctorDiagAppDelegate.m in Sources */,
				CECD5C7F134CCE760024EBDD /* FirstModalViewController.m in Sources */,
				CEE1DD21134CDDFF0032CD8E /* FirstViewController.m in Sources */,
				CE421E54134CEE9B00E822F7 /* DecisionViewController.m in Sources */,
			);
			runOnlyForDeploymentPostprocessing = 0;
		};
/* End PBXSourcesBuildPhase section */

/* Begin XCBuildConfiguration section */
		1D6058940D05DD3E006BFB54 /* Debug */ = {
			isa = XCBuildConfiguration;
			buildSettings = {
				ALWAYS_SEARCH_USER_PATHS = NO;
				COPY_PHASE_STRIP = NO;
				GCC_DYNAMIC_NO_PIC = NO;
				GCC_OPTIMIZATION_LEVEL = 0;
				GCC_PRECOMPILE_PREFIX_HEADER = YES;
				GCC_PREFIX_HEADER = DoctorDiag_Prefix.pch;
				INFOPLIST_FILE = "DoctorDiag-Info.plist";
				PRODUCT_NAME = DoctorDiag;
			};
			name = Debug;
		};
		1D6058950D05DD3E006BFB54 /* Release */ = {
			isa = XCBuildConfiguration;
			buildSettings = {
				ALWAYS_SEARCH_USER_PATHS = NO;
				COPY_PHASE_STRIP = YES;
				GCC_PRECOMPILE_PREFIX_HEADER = YES;
				GCC_PREFIX_HEADER = DoctorDiag_Prefix.pch;
				INFOPLIST_FILE = "DoctorDiag-Info.plist";
				PRODUCT_NAME = DoctorDiag;
				VALIDATE_PRODUCT = YES;
			};
			name = Release;
		};
		C01FCF4F08A954540054247B /* Debug */ = {
			isa = XCBuildConfiguration;
			buildSettings = {
				ARCHS = "$(ARCHS_STANDARD_32_BIT)";
				"CODE_SIGN_IDENTITY[sdk=iphoneos*]" = "iPhone Developer";
				GCC_C_LANGUAGE_STANDARD = c99;
				GCC_WARN_ABOUT_RETURN_TYPE = YES;
				GCC_WARN_UNUSED_VARIABLE = YES;
				PREBINDING = NO;
				SDKROOT = iphoneos;
			};
			name = Debug;
		};
		C01FCF5008A954540054247B /* Release */ = {
			isa = XCBuildConfiguration;
			buildSettings = {
				ARCHS = "$(ARCHS_STANDARD_32_BIT)";
				"CODE_SIGN_IDENTITY[sdk=iphoneos*]" = "iPhone Developer";
				GCC_C_LANGUAGE_STANDARD = c99;
				GCC_WARN_ABOUT_RETURN_TYPE = YES;
				GCC_WARN_UNUSED_VARIABLE = YES;
				OTHER_CFLAGS = "-DNS_BLOCK_ASSERTIONS=1";
				PREBINDING = NO;
				SDKROOT = iphoneos;
			};
			name = Release;
		};
/* End XCBuildConfiguration section */

/* Begin XCConfigurationList section */
		1D6058960D05DD3E006BFB54 /* Build configuration list for PBXNativeTarget "DoctorDiag" */ = {
			isa = XCConfigurationList;
			buildConfigurations = (
				1D6058940D05DD3E006BFB54 /* Debug */,
				1D6058950D05DD3E006BFB54 /* Release */,
			);
			defaultConfigurationIsVisible = 0;
			defaultConfigurationName = Release;
		};
		C01FCF4E08A954540054247B /* Build configuration list for PBXProject "DoctorDiag" */ = {
			isa = XCConfigurationList;
			buildConfigurations = (
				C01FCF4F08A954540054247B /* Debug */,
				C01FCF5008A954540054247B /* Release */,
			);
			defaultConfigurationIsVisible = 0;
			defaultConfigurationName = Release;
		};
/* End XCConfigurationList section */
	};
	rootObject = 29B97313FDCFA39411CA2CEA /* Project object */;
}
